Microsoft Visual Studio Solution File, Format Version 11.00
# Visual Studio 2008

Project("{557B28A7-B1F3-7BBE-19D0-4D1A6BF74973}") = "caracolito", "Assembly-CSharp.csproj", "{5711CE88-9473-A0FB-41D7-A0C35B065BAD}"
EndProject
Global
	GlobalSection(SolutionConfigurationPlatforms) = preSolution
		Debug|Any CPU = Debug|Any CPU
		Release|Any CPU = Release|Any CPU
	EndGlobalSection
	GlobalSection(ProjectConfigurationPlatforms) = postSolution
		{5711CE88-9473-A0FB-41D7-A0C35B065BAD}.Debug|Any CPU.ActiveCfg = Debug|Any CPU
		{5711CE88-9473-A0FB-41D7-A0C35B065BAD}.Debug|Any CPU.Build.0 = Debug|Any CPU
		{5711CE88-9473-A0FB-41D7-A0C35B065BAD}.Release|Any CPU.ActiveCfg = Release|Any CPU
		{5711CE88-9473-A0FB-41D7-A0C35B065BAD}.Release|Any CPU.Build.0 = Release|Any CPU
	EndGlobalSection
	GlobalSection(SolutionProperties) = preSolution
		HideSolutionNode = FALSE
	EndGlobalSection
	GlobalSection(MonoDevelopProperties) = preSolution
		StartupItem = Assembly-CSharp.csproj
	EndGlobalSection
EndGlobal
