Microsoft Visual Studio Solution File, Format Version 11.00
# Visual Studio 2008

Project("{B96E864C-BFDB-C964-D7BD-23120AC8782C}") = "WilsonElCaracol", "Assembly-CSharp.csproj", "{DCE1A0F1-231F-BAD8-8883-C4CC806114E7}"
EndProject
Global
	GlobalSection(SolutionConfigurationPlatforms) = preSolution
		Debug|Any CPU = Debug|Any CPU
		Release|Any CPU = Release|Any CPU
	EndGlobalSection
	GlobalSection(ProjectConfigurationPlatforms) = postSolution
		{DCE1A0F1-231F-BAD8-8883-C4CC806114E7}.Debug|Any CPU.ActiveCfg = Debug|Any CPU
		{DCE1A0F1-231F-BAD8-8883-C4CC806114E7}.Debug|Any CPU.Build.0 = Debug|Any CPU
		{DCE1A0F1-231F-BAD8-8883-C4CC806114E7}.Release|Any CPU.ActiveCfg = Release|Any CPU
		{DCE1A0F1-231F-BAD8-8883-C4CC806114E7}.Release|Any CPU.Build.0 = Release|Any CPU
	EndGlobalSection
	GlobalSection(SolutionProperties) = preSolution
		HideSolutionNode = FALSE
	EndGlobalSection
	GlobalSection(MonoDevelopProperties) = preSolution
		StartupItem = Assembly-CSharp.csproj
	EndGlobalSection
EndGlobal
